install:
  cmd: project run install
  script:
    - poetry build
    - pip install dist/my_llm-0.1.0.tar.gz
  deps: []
  outs: []
download:
  cmd: project run download
  script:
    - llm download ziqingyang/chinese-alpaca-2-7b --save-dir /root/autodl-tmp/llama2-7b
  deps: []
  outs: []
convert:
  cmd: project run convert
  script:
    - llm convert /root/autodl-tmp/llama2-7b
  deps: []
  outs: []
